
Microsoft Visual Studio Solution File, Format Version 12.00
# Visual Studio Version 16
VisualStudioVersion = 16.0.29306.81
MinimumVisualStudioVersion = 10.0.40219.1
Project("{FAE04EC0-301F-11D3-BF4B-00C04F79EFBC}") = "Agenda telefonica", "Agenda telefonica\Agenda telefonica.csproj", "{FC368BF0-BF67-4BEA-98FA-4AFAB246699B}"
EndProject
Global
	GlobalSection(SolutionConfigurationPlatforms) = preSolution
		Debug|Any CPU = Debug|Any CPU
		Release|Any CPU = Release|Any CPU
	EndGlobalSection
	GlobalSection(ProjectConfigurationPlatforms) = postSolution
		{FC368BF0-BF67-4BEA-98FA-4AFAB246699B}.Debug|Any CPU.ActiveCfg = Debug|Any CPU
		{FC368BF0-BF67-4BEA-98FA-4AFAB246699B}.Debug|Any CPU.Build.0 = Debug|Any CPU
		{FC368BF0-BF67-4BEA-98FA-4AFAB246699B}.Release|Any CPU.ActiveCfg = Release|Any CPU
		{FC368BF0-BF67-4BEA-98FA-4AFAB246699B}.Release|Any CPU.Build.0 = Release|Any CPU
	EndGlobalSection
	GlobalSection(SolutionProperties) = preSolution
		HideSolutionNode = FALSE
	EndGlobalSection
	GlobalSection(ExtensibilityGlobals) = postSolution
		SolutionGuid = {2999FF9A-913E-4305-9332-1C9D2705F746}
	EndGlobalSection
EndGlobal
